<?xml version="1.0" encoding="utf-8"?>
<Project ToolsVersion="4.0" xmlns="http://schemas.microsoft.com/developer/msbuild/2003">
  <ItemGroup>
    <Filter Include="Components">
      <UniqueIdentifier>{4FC737F1-C7A5-4376-A066-2A32D752A2FF}</UniqueIdentifier>
      <Extensions>cpp;c;cc;cxx;c++;cppm;ixx;def;odl;idl;hpj;bat;asm;asmx</Extensions>
    </Filter>
    <Filter Include="Command">
      <UniqueIdentifier>{bab00d69-eb8b-457e-9c0d-6aef391045f7}</UniqueIdentifier>
    </Filter>
  </ItemGroup>
  <ItemGroup>
    <ClCompile Include="pch.cpp" />
    <ClCompile Include="main.cpp" />
    <ClCompile Include="BurgerTime.cpp" />
    <ClCompile Include="Components\HealthDisplayComponent.cpp">
      <Filter>Components</Filter>
    </ClCompile>
    <ClCompile Include="Components\PeterPepperComponent.cpp">
      <Filter>Components</Filter>
    </ClCompile>
    <ClCompile Include="Components\ScoreDisplayComponent.cpp">
      <Filter>Components</Filter>
    </ClCompile>
    <ClCompile Include="LevelParser\LevelParser.cpp">
      <Filter>Components</Filter>
    </ClCompile>
    <ClCompile Include="Command\PlayerCommands.cpp">
      <Filter>Components</Filter>
    </ClCompile>
    <ClCompile Include="Components\BurgerComponent.cpp">
      <Filter>Components</Filter>
    </ClCompile>
    <ClCompile Include="State\PeterPepperStates.cpp">
      <Filter>Components</Filter>
    </ClCompile>
    <ClCompile Include="Singletons\GameState.cpp">
      <Filter>Components</Filter>
    </ClCompile>
    <ClCompile Include="Scenes\Level01Scene.cpp">
      <Filter>Components</Filter>
    </ClCompile>
    <ClCompile Include="Scenes\Level02Scene.cpp">
      <Filter>Components</Filter>
    </ClCompile>
    <ClCompile Include="Base\Helpers.cpp">
      <Filter>Components</Filter>
    </ClCompile>
    <ClCompile Include="Scenes\MainMenuScene.cpp">
      <Filter>Components</Filter>
    </ClCompile>
    <ClCompile Include="Components\MrHotDogComponent.cpp">
      <Filter>Components</Filter>
    </ClCompile>
    <ClCompile Include="Singletons\EnemyManager.cpp">
      <Filter>Components</Filter>
    </ClCompile>
    <ClCompile Include="Components\EnemySpawnerComponent.cpp">
      <Filter>Components</Filter>
    </ClCompile>
  </ItemGroup>
  <ItemGroup>
    <ClInclude Include="pch.h" />
    <ClInclude Include="BurgerTime.h" />
    <ClInclude Include="Command\PlayerCommands.h" />
    <ClInclude Include="Components\HealthDisplayComponent.h" />
    <ClInclude Include="Components\PeterPepperComponent.h" />
    <ClInclude Include="Components\ScoreDisplayComponent.h" />
    <ClInclude Include="LevelParser\LevelParser.h" />
    <ClInclude Include="Components\BurgerComponent.h" />
    <ClInclude Include="Base\GameData.h" />
    <ClInclude Include="State\PeterPepperStates.h" />
    <ClInclude Include="Singletons\GameState.h" />
    <ClInclude Include="Scenes\Level01Scene.h" />
    <ClInclude Include="Scenes\Level02Scene.h" />
    <ClInclude Include="Base\Helpers.h" />
    <ClInclude Include="Scenes\MainMenuScene.h" />
    <ClInclude Include="Components\MrHotDogComponent.h" />
    <ClInclude Include="Singletons\EnemyManager.h" />
    <ClInclude Include="Components\EnemySpawnerComponent.h" />
  </ItemGroup>
</Project>