<?xml version="1.0" encoding="utf-8"?>
<Project ToolsVersion="4.0" xmlns="http://schemas.microsoft.com/developer/msbuild/2003">
  <ItemGroup>
    <Filter Include="Base">
      <UniqueIdentifier>{4FC737F1-C7A5-4376-A066-2A32D752A2FF}</UniqueIdentifier>
      <Extensions>cpp;c;cc;cxx;def;odl;idl;hpj;bat;asm;asmx</Extensions>
    </Filter>
    <Filter Include="Command">
      <UniqueIdentifier>{a9ebb182-9736-429d-b27d-c82d06aa2d05}</UniqueIdentifier>
    </Filter>
    <Filter Include="Components">
      <UniqueIdentifier>{d28b51de-b1d5-4a4c-9348-25d07b91f4d7}</UniqueIdentifier>
    </Filter>
    <Filter Include="Input">
      <UniqueIdentifier>{f7828881-c926-40c0-afaa-cd4224c3f701}</UniqueIdentifier>
    </Filter>
    <Filter Include="Observer">
      <UniqueIdentifier>{b74b20e8-0a5a-494e-8cae-7cfc18bb3817}</UniqueIdentifier>
    </Filter>
    <Filter Include="Singletons">
      <UniqueIdentifier>{0ab4f3e8-bf50-4cd4-af7c-159f312e07f2}</UniqueIdentifier>
    </Filter>
    <Filter Include="SceneGraph">
      <UniqueIdentifier>{c0f0636c-dd2f-46f2-a327-af7d47443616}</UniqueIdentifier>
    </Filter>
    <Filter Include="Graphics">
      <UniqueIdentifier>{21b8dad8-72d8-4099-b211-847760936e51}</UniqueIdentifier>
    </Filter>
  </ItemGroup>
  <ItemGroup>
    <ClInclude Include="MiniginPCH.h" />
    <ClInclude Include="Minigin.h" />
    <ClInclude Include="MiniginAPI.h" />
    <ClInclude Include="Singletons\Renderer.h" />
    <ClInclude Include="Singletons\ResourceManager.h" />
    <ClInclude Include="SceneGraph\GameObject.h" />
    <ClInclude Include="SceneGraph\Scene.h" />
    <ClInclude Include="SceneGraph\SceneManager.h" />
    <ClInclude Include="Observer\Subject.h" />
    <ClInclude Include="Observer\AchievementObserver.h" />
    <ClInclude Include="Observer\Observer.h" />
    <ClInclude Include="Input\ControllerInput.h" />
    <ClInclude Include="Input\InputManager.h" />
    <ClInclude Include="Input\SDLKeyboardInput.h" />
    <ClInclude Include="Input\XBox360Controller.h" />
    <ClInclude Include="Graphics\Font.h" />
    <ClInclude Include="Graphics\Texture2D.h" />
    <ClInclude Include="Components\BaseComponent.h" />
    <ClInclude Include="Components\FPSComponent.h" />
    <ClInclude Include="Components\RenderComponent.h" />
    <ClInclude Include="Components\SpriteComponent.h" />
    <ClInclude Include="Components\TextComponent.h" />
    <ClInclude Include="Components\TextureComponent.h" />
    <ClInclude Include="SceneGraph\Transform.h" />
    <ClInclude Include="Command\Command.h" />
    <ClInclude Include="Base\Singleton.h" />
    <ClInclude Include="Base\Structs.h" />
    <ClInclude Include="Base\Timer.h" />
    <ClInclude Include="Sound\SoundEffect.h" />
    <ClInclude Include="Sound\SoundStream.h" />
    <ClInclude Include="Sound\ServiceLocator.h" />
    <ClInclude Include="Sound\SoundManager.h" />
    <ClInclude Include="Sound\LoggedSoundManager.h" />
    <ClInclude Include="Sound\NullSoundManager.h" />
    <ClInclude Include="Components\ControllerComponent.h" />
    <ClInclude Include="Components\Box2DComponent.h" />
    <ClInclude Include="Components\Button2DComponent.h" />
    <ClInclude Include="Base\Utils.h" />
    <ClInclude Include="Singletons\CollisionManager.h" />
  </ItemGroup>
  <ItemGroup>
    <ClCompile Include="MiniginPCH.cpp" />
    <ClCompile Include="Minigin.cpp" />
    <ClCompile Include="Singletons\Renderer.cpp">
      <Filter>Base</Filter>
    </ClCompile>
    <ClCompile Include="Singletons\ResourceManager.cpp">
      <Filter>Base</Filter>
    </ClCompile>
    <ClCompile Include="SceneGraph\GameObject.cpp">
      <Filter>Base</Filter>
    </ClCompile>
    <ClCompile Include="SceneGraph\Scene.cpp">
      <Filter>Base</Filter>
    </ClCompile>
    <ClCompile Include="SceneGraph\SceneManager.cpp">
      <Filter>Base</Filter>
    </ClCompile>
    <ClCompile Include="Observer\AchievementObserver.cpp">
      <Filter>Base</Filter>
    </ClCompile>
    <ClCompile Include="Observer\Subject.cpp">
      <Filter>Base</Filter>
    </ClCompile>
    <ClCompile Include="Input\InputManager.cpp">
      <Filter>Base</Filter>
    </ClCompile>
    <ClCompile Include="Input\SDLKeyboardInput.cpp">
      <Filter>Base</Filter>
    </ClCompile>
    <ClCompile Include="Input\XBox360Controller.cpp">
      <Filter>Base</Filter>
    </ClCompile>
    <ClCompile Include="Graphics\Font.cpp">
      <Filter>Base</Filter>
    </ClCompile>
    <ClCompile Include="Graphics\Texture2D.cpp">
      <Filter>Base</Filter>
    </ClCompile>
    <ClCompile Include="Components\FPSComponent.cpp">
      <Filter>Base</Filter>
    </ClCompile>
    <ClCompile Include="Components\RenderComponent.cpp">
      <Filter>Base</Filter>
    </ClCompile>
    <ClCompile Include="Components\SpriteComponent.cpp">
      <Filter>Base</Filter>
    </ClCompile>
    <ClCompile Include="Components\TextComponent.cpp">
      <Filter>Base</Filter>
    </ClCompile>
    <ClCompile Include="Components\TextureComponent.cpp">
      <Filter>Base</Filter>
    </ClCompile>
    <ClCompile Include="SceneGraph\Transform.cpp">
      <Filter>Base</Filter>
    </ClCompile>
    <ClCompile Include="Base\Timer.cpp">
      <Filter>Base</Filter>
    </ClCompile>
    <ClCompile Include="Sound\SoundEffect.cpp">
      <Filter>Base</Filter>
    </ClCompile>
    <ClCompile Include="Sound\SoundStream.cpp">
      <Filter>Base</Filter>
    </ClCompile>
    <ClCompile Include="Sound\ServiceLocator.cpp">
      <Filter>Base</Filter>
    </ClCompile>
    <ClCompile Include="Sound\SoundManager.cpp">
      <Filter>Base</Filter>
    </ClCompile>
    <ClCompile Include="Components\ControllerComponent.cpp">
      <Filter>Base</Filter>
    </ClCompile>
    <ClCompile Include="Components\Box2DComponent.cpp">
      <Filter>Base</Filter>
    </ClCompile>
    <ClCompile Include="Components\Button2DComponent.cpp">
      <Filter>Base</Filter>
    </ClCompile>
    <ClCompile Include="Singletons\CollisionManager.cpp">
      <Filter>Base</Filter>
    </ClCompile>
    <ClCompile Include="Base\Utils.cpp">
      <Filter>Base</Filter>
    </ClCompile>
  </ItemGroup>
</Project>